// !$*UTF8*$!
{
	archiveVersion = 1;
	classes = {
	};
	objectVersion = 46;
	objects = {

/* Begin PBXBuildFile section */
		382E3ABF19CA3E79007128D3 /* main.m in Sources */ = {isa = PBXBuildFile; fileRef = 382E3ABE19CA3E79007128D3 /* main.m */; };
		382E3AC219CA3E79007128D3 /* AppDelegate.m in Sources */ = {isa = PBXBuildFile; fileRef = 382E3AC119CA3E79007128D3 /* AppDelegate.m */; };
		382E3AC519CA3E79007128D3 /* FirstViewController.m in Sources */ = {isa = PBXBuildFile; fileRef = 382E3AC419CA3E79007128D3 /* FirstViewController.m */; };
		382E3AC819CA3E79007128D3 /* SecondViewController.m in Sources */ = {isa = PBXBuildFile; fileRef = 382E3AC719CA3E79007128D3 /* SecondViewController.m */; };
		382E3ACB19CA3E79007128D3 /* Main.storyboard in Resources */ = {isa = PBXBuildFile; fileRef = 382E3AC919CA3E79007128D3 /* Main.storyboard */; };
		382E3ACD19CA3E79007128D3 /* Images.xcassets in Resources */ = {isa = PBXBuildFile; fileRef = 382E3ACC19CA3E79007128D3 /* Images.xcassets */; };
		382E3AD919CA3E79007128D3 /* oclint_exampleTests.m in Sources */ = {isa = PBXBuildFile; fileRef = 382E3AD819CA3E79007128D3 /* oclint_exampleTests.m */; };
/* End PBXBuildFile section */

/* Begin PBXContainerItemProxy section */
		382E3AD319CA3E79007128D3 /* PBXContainerItemProxy */ = {
			isa = PBXContainerItemProxy;
			containerPortal = 382E3AB119CA3E79007128D3 /* Project object */;
			proxyType = 1;
			remoteGlobalIDString = 382E3AB819CA3E79007128D3;
			remoteInfo = oclint_example;
		};
/* End PBXContainerItemProxy section */

/* Begin PBXFileReference section */
		382E3AB919CA3E79007128D3 /* oclint_example.app */ = {isa = PBXFileReference; explicitFileType = wrapper.application; includeInIndex = 0; path = oclint_example.app; sourceTree = BUILT_PRODUCTS_DIR; };
		382E3ABD19CA3E79007128D3 /* Info.plist */ = {isa = PBXFileReference; lastKnownFileType = text.plist.xml; path = Info.plist; sourceTree = "<group>"; };
		382E3ABE19CA3E79007128D3 /* main.m */ = {isa = PBXFileReference; lastKnownFileType = sourcecode.c.objc; path = main.m; sourceTree = "<group>"; };
		382E3AC019CA3E79007128D3 /* AppDelegate.h */ = {isa = PBXFileReference; lastKnownFileType = sourcecode.c.h; path = AppDelegate.h; sourceTree = "<group>"; };
		382E3AC119CA3E79007128D3 /* AppDelegate.m */ = {isa = PBXFileReference; lastKnownFileType = sourcecode.c.objc; path = AppDelegate.m; sourceTree = "<group>"; };
		382E3AC319CA3E79007128D3 /* FirstViewController.h */ = {isa = PBXFileReference; lastKnownFileType = sourcecode.c.h; path = FirstViewController.h; sourceTree = "<group>"; };
		382E3AC419CA3E79007128D3 /* FirstViewController.m */ = {isa = PBXFileReference; lastKnownFileType = sourcecode.c.objc; path = FirstViewController.m; sourceTree = "<group>"; };
		382E3AC619CA3E79007128D3 /* SecondViewController.h */ = {isa = PBXFileReference; lastKnownFileType = sourcecode.c.h; path = SecondViewController.h; sourceTree = "<group>"; };
		382E3AC719CA3E79007128D3 /* SecondViewController.m */ = {isa = PBXFileReference; lastKnownFileType = sourcecode.c.objc; path = SecondViewController.m; sourceTree = "<group>"; };
		382E3ACA19CA3E79007128D3 /* Base */ = {isa = PBXFileReference; lastKnownFileType = file.storyboard; name = Base; path = Base.lproj/Main.storyboard; sourceTree = "<group>"; };
		382E3ACC19CA3E79007128D3 /* Images.xcassets */ = {isa = PBXFileReference; lastKnownFileType = folder.assetcatalog; path = Images.xcassets; sourceTree = "<group>"; };
		382E3AD219CA3E79007128D3 /* oclint_exampleTests.xctest */ = {isa = PBXFileReference; explicitFileType = wrapper.cfbundle; includeInIndex = 0; path = oclint_exampleTests.xctest; sourceTree = BUILT_PRODUCTS_DIR; };
		382E3AD719CA3E79007128D3 /* Info.plist */ = {isa = PBXFileReference; lastKnownFileType = text.plist.xml; path = Info.plist; sourceTree = "<group>"; };
		382E3AD819CA3E79007128D3 /* oclint_exampleTests.m */ = {isa = PBXFileReference; lastKnownFileType = sourcecode.c.objc; path = oclint_exampleTests.m; sourceTree = "<group>"; };
/* End PBXFileReference section */

/* Begin PBXFrameworksBuildPhase section */
		382E3AB619CA3E79007128D3 /* Frameworks */ = {
			isa = PBXFrameworksBuildPhase;
			buildActionMask = 2147483647;
			files = (
			);
			runOnlyForDeploymentPostprocessing = 0;
		};
		382E3ACF19CA3E79007128D3 /* Frameworks */ = {
			isa = PBXFrameworksBuildPhase;
			buildActionMask = 2147483647;
			files = (
			);
			runOnlyForDeploymentPostprocessing = 0;
		};
/* End PBXFrameworksBuildPhase section */

/* Begin PBXGroup section */
		382E3AB019CA3E79007128D3 = {
			isa = PBXGroup;
			children = (
				382E3ABB19CA3E79007128D3 /* oclint_example */,
				382E3AD519CA3E79007128D3 /* oclint_exampleTests */,
				382E3ABA19CA3E79007128D3 /* Products */,
			);
			sourceTree = "<group>";
		};
		382E3ABA19CA3E79007128D3 /* Products */ = {
			isa = PBXGroup;
			children = (
				382E3AB919CA3E79007128D3 /* oclint_example.app */,
				382E3AD219CA3E79007128D3 /* oclint_exampleTests.xctest */,
			);
			name = Products;
			sourceTree = "<group>";
		};
		382E3ABB19CA3E79007128D3 /* oclint_example */ = {
			isa = PBXGroup;
			children = (
				382E3AC019CA3E79007128D3 /* AppDelegate.h */,
				382E3AC119CA3E79007128D3 /* AppDelegate.m */,
				382E3AC319CA3E79007128D3 /* FirstViewController.h */,
				382E3AC419CA3E79007128D3 /* FirstViewController.m */,
				382E3AC619CA3E79007128D3 /* SecondViewController.h */,
				382E3AC719CA3E79007128D3 /* SecondViewController.m */,
				382E3AC919CA3E79007128D3 /* Main.storyboard */,
				382E3ACC19CA3E79007128D3 /* Images.xcassets */,
				382E3ABC19CA3E79007128D3 /* Supporting Files */,
			);
			path = oclint_example;
			sourceTree = "<group>";
		};
		382E3ABC19CA3E79007128D3 /* Supporting Files */ = {
			isa = PBXGroup;
			children = (
				382E3ABD19CA3E79007128D3 /* Info.plist */,
				382E3ABE19CA3E79007128D3 /* main.m */,
			);
			name = "Supporting Files";
			sourceTree = "<group>";
		};
		382E3AD519CA3E79007128D3 /* oclint_exampleTests */ = {
			isa = PBXGroup;
			children = (
				382E3AD819CA3E79007128D3 /* oclint_exampleTests.m */,
				382E3AD619CA3E79007128D3 /* Supporting Files */,
			);
			path = oclint_exampleTests;
			sourceTree = "<group>";
		};
		382E3AD619CA3E79007128D3 /* Supporting Files */ = {
			isa = PBXGroup;
			children = (
				382E3AD719CA3E79007128D3 /* Info.plist */,
			);
			name = "Supporting Files";
			sourceTree = "<group>";
		};
/* End PBXGroup section */

/* Begin PBXNativeTarget section */
		382E3AB819CA3E79007128D3 /* oclint_example */ = {
			isa = PBXNativeTarget;
			buildConfigurationList = 382E3ADC19CA3E79007128D3 /* Build configuration list for PBXNativeTarget "oclint_example" */;
			buildPhases = (
				382E3AB519CA3E79007128D3 /* Sources */,
				382E3AB619CA3E79007128D3 /* Frameworks */,
				382E3AB719CA3E79007128D3 /* Resources */,
			);
			buildRules = (
			);
			dependencies = (
			);
			name = oclint_example;
			productName = oclint_example;
			productReference = 382E3AB919CA3E79007128D3 /* oclint_example.app */;
			productType = "com.apple.product-type.application";
		};
		382E3AD119CA3E79007128D3 /* oclint_exampleTests */ = {
			isa = PBXNativeTarget;
			buildConfigurationList = 382E3ADF19CA3E79007128D3 /* Build configuration list for PBXNativeTarget "oclint_exampleTests" */;
			buildPhases = (
				382E3ACE19CA3E79007128D3 /* Sources */,
				382E3ACF19CA3E79007128D3 /* Frameworks */,
				382E3AD019CA3E79007128D3 /* Resources */,
			);
			buildRules = (
			);
			dependencies = (
				382E3AD419CA3E79007128D3 /* PBXTargetDependency */,
			);
			name = oclint_exampleTests;
			productName = oclint_exampleTests;
			productReference = 382E3AD219CA3E79007128D3 /* oclint_exampleTests.xctest */;
			productType = "com.apple.product-type.bundle.unit-test";
		};
/* End PBXNativeTarget section */

/* Begin PBXProject section */
		382E3AB119CA3E79007128D3 /* Project object */ = {
			isa = PBXProject;
			attributes = {
				LastUpgradeCheck = 0600;
				ORGANIZATIONNAME = "Hendrik von Prince";
				TargetAttributes = {
					382E3AB819CA3E79007128D3 = {
						CreatedOnToolsVersion = 6.0;
					};
					382E3AD119CA3E79007128D3 = {
						CreatedOnToolsVersion = 6.0;
						TestTargetID = 382E3AB819CA3E79007128D3;
					};
				};
			};
			buildConfigurationList = 382E3AB419CA3E79007128D3 /* Build configuration list for PBXProject "oclint_example" */;
			compatibilityVersion = "Xcode 3.2";
			developmentRegion = English;
			hasScannedForEncodings = 0;
			knownRegions = (
				en,
				Base,
			);
			mainGroup = 382E3AB019CA3E79007128D3;
			productRefGroup = 382E3ABA19CA3E79007128D3 /* Products */;
			projectDirPath = "";
			projectRoot = "";
			targets = (
				382E3AB819CA3E79007128D3 /* oclint_example */,
				382E3AD119CA3E79007128D3 /* oclint_exampleTests */,
			);
		};
/* End PBXProject section */

/* Begin PBXResourcesBuildPhase section */
		382E3AB719CA3E79007128D3 /* Resources */ = {
			isa = PBXResourcesBuildPhase;
			buildActionMask = 2147483647;
			files = (
				382E3ACB19CA3E79007128D3 /* Main.storyboard in Resources */,
				382E3ACD19CA3E79007128D3 /* Images.xcassets in Resources */,
			);
			runOnlyForDeploymentPostprocessing = 0;
		};
		382E3AD019CA3E79007128D3 /* Resources */ = {
			isa = PBXResourcesBuildPhase;
			buildActionMask = 2147483647;
			files = (
			);
			runOnlyForDeploymentPostprocessing = 0;
		};
/* End PBXResourcesBuildPhase section */

/* Begin PBXSourcesBuildPhase section */
		382E3AB519CA3E79007128D3 /* Sources */ = {
			isa = PBXSourcesBuildPhase;
			buildActionMask = 2147483647;
			files = (
				382E3AC819CA3E79007128D3 /* SecondViewController.m in Sources */,
				382E3AC219CA3E79007128D3 /* AppDelegate.m in Sources */,
				382E3AC519CA3E79007128D3 /* FirstViewController.m in Sources */,
				382E3ABF19CA3E79007128D3 /* main.m in Sources */,
			);
			runOnlyForDeploymentPostprocessing = 0;
		};
		382E3ACE19CA3E79007128D3 /* Sources */ = {
			isa = PBXSourcesBuildPhase;
			buildActionMask = 2147483647;
			files = (
				382E3AD919CA3E79007128D3 /* oclint_exampleTests.m in Sources */,
			);
			runOnlyForDeploymentPostprocessing = 0;
		};
/* End PBXSourcesBuildPhase section */

/* Begin PBXTargetDependency section */
		382E3AD419CA3E79007128D3 /* PBXTargetDependency */ = {
			isa = PBXTargetDependency;
			target = 382E3AB819CA3E79007128D3 /* oclint_example */;
			targetProxy = 382E3AD319CA3E79007128D3 /* PBXContainerItemProxy */;
		};
/* End PBXTargetDependency section */

/* Begin PBXVariantGroup section */
		382E3AC919CA3E79007128D3 /* Main.storyboard */ = {
			isa = PBXVariantGroup;
			children = (
				382E3ACA19CA3E79007128D3 /* Base */,
			);
			name = Main.storyboard;
			sourceTree = "<group>";
		};
/* End PBXVariantGroup section */

/* Begin XCBuildConfiguration section */
		382E3ADA19CA3E79007128D3 /* Debug */ = {
			isa = XCBuildConfiguration;
			buildSettings = {
				ALWAYS_SEARCH_USER_PATHS = NO;
				CLANG_CXX_LANGUAGE_STANDARD = "gnu++0x";
				CLANG_CXX_LIBRARY = "libc++";
				CLANG_ENABLE_MODULES = YES;
				CLANG_ENABLE_OBJC_ARC = YES;
				CLANG_WARN_BOOL_CONVERSION = YES;
				CLANG_WARN_CONSTANT_CONVERSION = YES;
				CLANG_WARN_DIRECT_OBJC_ISA_USAGE = YES_ERROR;
				CLANG_WARN_EMPTY_BODY = YES;
				CLANG_WARN_ENUM_CONVERSION = YES;
				CLANG_WARN_INT_CONVERSION = YES;
				CLANG_WARN_OBJC_ROOT_CLASS = YES_ERROR;
				CLANG_WARN_UNREACHABLE_CODE = YES;
				CLANG_WARN__DUPLICATE_METHOD_MATCH = YES;
				"CODE_SIGN_IDENTITY[sdk=iphoneos*]" = "iPhone Developer";
				COPY_PHASE_STRIP = NO;
				ENABLE_STRICT_OBJC_MSGSEND = YES;
				GCC_C_LANGUAGE_STANDARD = gnu99;
				GCC_DYNAMIC_NO_PIC = NO;
				GCC_OPTIMIZATION_LEVEL = 0;
				GCC_PREPROCESSOR_DEFINITIONS = (
					"DEBUG=1",
					"$(inherited)",
				);
				GCC_SYMBOLS_PRIVATE_EXTERN = NO;
				GCC_WARN_64_TO_32_BIT_CONVERSION = YES;
				GCC_WARN_ABOUT_RETURN_TYPE = YES_ERROR;
				GCC_WARN_UNDECLARED_SELECTOR = YES;
				GCC_WARN_UNINITIALIZED_AUTOS = YES_AGGRESSIVE;
				GCC_WARN_UNUSED_FUNCTION = YES;
				GCC_WARN_UNUSED_VARIABLE = YES;
				IPHONEOS_DEPLOYMENT_TARGET = 8.0;
				MTL_ENABLE_DEBUG_INFO = YES;
				ONLY_ACTIVE_ARCH = YES;
				SDKROOT = iphoneos;
				TARGETED_DEVICE_FAMILY = 2;
			};
			name = Debug;
		};
		382E3ADB19CA3E79007128D3 /* Release */ = {
			isa = XCBuildConfiguration;
			buildSettings = {
				ALWAYS_SEARCH_USER_PATHS = NO;
				CLANG_CXX_LANGUAGE_STANDARD = "gnu++0x";
				CLANG_CXX_LIBRARY = "libc++";
				CLANG_ENABLE_MODULES = YES;
				CLANG_ENABLE_OBJC_ARC = YES;
				CLANG_WARN_BOOL_CONVERSION = YES;
				CLANG_WARN_CONSTANT_CONVERSION = YES;
				CLANG_WARN_DIRECT_OBJC_ISA_USAGE = YES_ERROR;
				CLANG_WARN_EMPTY_BODY = YES;
				CLANG_WARN_ENUM_CONVERSION = YES;
				CLANG_WARN_INT_CONVERSION = YES;
				CLANG_WARN_OBJC_ROOT_CLASS = YES_ERROR;
				CLANG_WARN_UNREACHABLE_CODE = YES;
				CLANG_WARN__DUPLICATE_METHOD_MATCH = YES;
				"CODE_SIGN_IDENTITY[sdk=iphoneos*]" = "iPhone Developer";
				COPY_PHASE_STRIP = YES;
				ENABLE_NS_ASSERTIONS = NO;
				ENABLE_STRICT_OBJC_MSGSEND = YES;
				GCC_C_LANGUAGE_STANDARD = gnu99;
				GCC_WARN_64_TO_32_BIT_CONVERSION = YES;
				GCC_WARN_ABOUT_RETURN_TYPE = YES_ERROR;
				GCC_WARN_UNDECLARED_SELECTOR = YES;
				GCC_WARN_UNINITIALIZED_AUTOS = YES_AGGRESSIVE;
				GCC_WARN_UNUSED_FUNCTION = YES;
				GCC_WARN_UNUSED_VARIABLE = YES;
				IPHONEOS_DEPLOYMENT_TARGET = 8.0;
				MTL_ENABLE_DEBUG_INFO = NO;
				SDKROOT = iphoneos;
				TARGETED_DEVICE_FAMILY = 2;
				VALIDATE_PRODUCT = YES;
			};
			name = Release;
		};
		382E3ADD19CA3E79007128D3 /* Debug */ = {
			isa = XCBuildConfiguration;
			buildSettings = {
				ASSETCATALOG_COMPILER_APPICON_NAME = AppIcon;
				ASSETCATALOG_COMPILER_LAUNCHIMAGE_NAME = LaunchImage;
				INFOPLIST_FILE = oclint_example/Info.plist;
				IPHONEOS_DEPLOYMENT_TARGET = 7.0;
				LD_RUNPATH_SEARCH_PATHS = "$(inherited) @executable_path/Frameworks";
				PRODUCT_NAME = "$(TARGET_NAME)";
			};
			name = Debug;
		};
		382E3ADE19CA3E79007128D3 /* Release */ = {
			isa = XCBuildConfiguration;
			buildSettings = {
				ASSETCATALOG_COMPILER_APPICON_NAME = AppIcon;
				ASSETCATALOG_COMPILER_LAUNCHIMAGE_NAME = LaunchImage;
				INFOPLIST_FILE = oclint_example/Info.plist;
				IPHONEOS_DEPLOYMENT_TARGET = 7.0;
				LD_RUNPATH_SEARCH_PATHS = "$(inherited) @executable_path/Frameworks";
				PRODUCT_NAME = "$(TARGET_NAME)";
			};
			name = Release;
		};
		382E3AE019CA3E79007128D3 /* Debug */ = {
			isa = XCBuildConfiguration;
			buildSettings = {
				BUNDLE_LOADER = "$(TEST_HOST)";
				FRAMEWORK_SEARCH_PATHS = (
					"$(SDKROOT)/Developer/Library/Frameworks",
					"$(inherited)",
				);
				GCC_PREPROCESSOR_DEFINITIONS = (
					"DEBUG=1",
					"$(inherited)",
				);
				INFOPLIST_FILE = oclint_exampleTests/Info.plist;
				LD_RUNPATH_SEARCH_PATHS = "$(inherited) @executable_path/Frameworks @loader_path/Frameworks";
				PRODUCT_NAME = "$(TARGET_NAME)";
				TEST_HOST = "$(BUILT_PRODUCTS_DIR)/oclint_example.app/oclint_example";
			};
			name = Debug;
		};
		382E3AE119CA3E79007128D3 /* Release */ = {
			isa = XCBuildConfiguration;
			buildSettings = {
				BUNDLE_LOADER = "$(TEST_HOST)";
				FRAMEWORK_SEARCH_PATHS = (
					"$(SDKROOT)/Developer/Library/Frameworks",
					"$(inherited)",
				);
				INFOPLIST_FILE = oclint_exampleTests/Info.plist;
				LD_RUNPATH_SEARCH_PATHS = "$(inherited) @executable_path/Frameworks @loader_path/Frameworks";
				PRODUCT_NAME = "$(TARGET_NAME)";
				TEST_HOST = "$(BUILT_PRODUCTS_DIR)/oclint_example.app/oclint_example";
			};
			name = Release;
		};
/* End XCBuildConfiguration section */

/* Begin XCConfigurationList section */
		382E3AB419CA3E79007128D3 /* Build configuration list for PBXProject "oclint_example" */ = {
			isa = XCConfigurationList;
			buildConfigurations = (
				382E3ADA19CA3E79007128D3 /* Debug */,
				382E3ADB19CA3E79007128D3 /* Release */,
			);
			defaultConfigurationIsVisible = 0;
			defaultConfigurationName = Release;
		};
		382E3ADC19CA3E79007128D3 /* Build configuration list for PBXNativeTarget "oclint_example" */ = {
			isa = XCConfigurationList;
			buildConfigurations = (
				382E3ADD19CA3E79007128D3 /* Debug */,
				382E3ADE19CA3E79007128D3 /* Release */,
			);
			defaultConfigurationIsVisible = 0;
		};
		382E3ADF19CA3E79007128D3 /* Build configuration list for PBXNativeTarget "oclint_exampleTests" */ = {
			isa = XCConfigurationList;
			buildConfigurations = (
				382E3AE019CA3E79007128D3 /* Debug */,
				382E3AE119CA3E79007128D3 /* Release */,
			);
			defaultConfigurationIsVisible = 0;
		};
/* End XCConfigurationList section */
	};
	rootObject = 382E3AB119CA3E79007128D3 /* Project object */;
}
